
Microsoft Visual Studio Solution File, Format Version 12.00
# Visual Studio Version 17
VisualStudioVersion = 17.9.34728.123
MinimumVisualStudioVersion = 10.0.40219.1
Project("{FAE04EC0-301F-11D3-BF4B-00C04F79EFBC}") = "BotMain", "BotMain.csproj", "{464D6407-2AAD-463B-90F5-B9B02ADF1F77}"
EndProject
Global
	GlobalSection(SolutionConfigurationPlatforms) = preSolution
		Debug|Any CPU = Debug|Any CPU
		Release|Any CPU = Release|Any CPU
	EndGlobalSection
	GlobalSection(ProjectConfigurationPlatforms) = postSolution
		{464D6407-2AAD-463B-90F5-B9B02ADF1F77}.Debug|Any CPU.ActiveCfg = Debug|Any CPU
		{464D6407-2AAD-463B-90F5-B9B02ADF1F77}.Debug|Any CPU.Build.0 = Debug|Any CPU
		{464D6407-2AAD-463B-90F5-B9B02ADF1F77}.Release|Any CPU.ActiveCfg = Release|Any CPU
		{464D6407-2AAD-463B-90F5-B9B02ADF1F77}.Release|Any CPU.Build.0 = Release|Any CPU
	EndGlobalSection
	GlobalSection(SolutionProperties) = preSolution
		HideSolutionNode = FALSE
	EndGlobalSection
	GlobalSection(ExtensibilityGlobals) = postSolution
		SolutionGuid = {CC3DF315-B3B6-4C7D-9C04-BDAD09D3BE7C}
	EndGlobalSection
EndGlobal
